
Microsoft Visual Studio Solution File, Format Version 12.00
# Visual Studio Version 17
VisualStudioVersion = 17.0.31903.59
MinimumVisualStudioVersion = 10.0.40219.1
Project("{2150E333-8FDC-42A3-9474-1A3956D46DE8}") = "src", "src", "{827E0CD3-B72D-47B6-A68D-7590B98EB39B}"
EndProject
Project("{FAE04EC0-301F-11D3-BF4B-00C04F79EFBC}") = "PCDestino.Domain", "src\PCDestino.Domain\PCDestino.Domain.csproj", "{E854E586-0BCC-4358-8EE5-7115B75B22C7}"
EndProject
Project("{FAE04EC0-301F-11D3-BF4B-00C04F79EFBC}") = "PCDestino.Application", "src\PCDestino.Application\PCDestino.Application.csproj", "{37A151B3-E553-49AE-BD87-FDEF7BC11E26}"
EndProject
Project("{FAE04EC0-301F-11D3-BF4B-00C04F79EFBC}") = "PCDestino.Infrastructure", "src\PCDestino.Infrastructure\PCDestino.Infrastructure.csproj", "{5734A7A8-742E-41B7-9373-1D4BCAD072BE}"
EndProject
Project("{FAE04EC0-301F-11D3-BF4B-00C04F79EFBC}") = "PCDestino.Api", "src\PCDestino.Api\PCDestino.Api.csproj", "{B42DA252-7EDD-46B6-9544-DE6A2EA5F539}"
EndProject
Project("{2150E333-8FDC-42A3-9474-1A3956D46DE8}") = "tests", "tests", "{0AB3BF05-4346-4AA6-1389-037BE0695223}"
EndProject
Project("{FAE04EC0-301F-11D3-BF4B-00C04F79EFBC}") = "PCDestino.Domain.Tests", "tests\PCDestino.Domain.Tests\PCDestino.Domain.Tests.csproj", "{7C15461E-598A-4AC3-A979-DACA892F1F73}"
EndProject
Project("{FAE04EC0-301F-11D3-BF4B-00C04F79EFBC}") = "PCDestino.Api.IntegrationTests", "tests\PCDestino.Api.IntegrationTests\PCDestino.Api.IntegrationTests.csproj", "{3B7A2970-C54C-4880-84C4-133B29822583}"
EndProject
Project("{2150E333-8FDC-42A3-9474-1A3956D46DE8}") = "infra", "infra", "{30258541-D0D8-F3FD-D559-E63D6BF074C2}"
EndProject
Project("{FAE04EC0-301F-11D3-BF4B-00C04F79EFBC}") = "PCDestino.Aws", "infra\PCDestino.Aws\PCDestino.Aws.csproj", "{812EC5F0-EC0A-416A-9613-D8E8F4A11A52}"
EndProject
Global
	GlobalSection(SolutionConfigurationPlatforms) = preSolution
		Debug|Any CPU = Debug|Any CPU
		Debug|x64 = Debug|x64
		Debug|x86 = Debug|x86
		Release|Any CPU = Release|Any CPU
		Release|x64 = Release|x64
		Release|x86 = Release|x86
	EndGlobalSection
	GlobalSection(ProjectConfigurationPlatforms) = postSolution
		{E854E586-0BCC-4358-8EE5-7115B75B22C7}.Debug|Any CPU.ActiveCfg = Debug|Any CPU
		{E854E586-0BCC-4358-8EE5-7115B75B22C7}.Debug|Any CPU.Build.0 = Debug|Any CPU
		{E854E586-0BCC-4358-8EE5-7115B75B22C7}.Debug|x64.ActiveCfg = Debug|Any CPU
		{E854E586-0BCC-4358-8EE5-7115B75B22C7}.Debug|x64.Build.0 = Debug|Any CPU
		{E854E586-0BCC-4358-8EE5-7115B75B22C7}.Debug|x86.ActiveCfg = Debug|Any CPU
		{E854E586-0BCC-4358-8EE5-7115B75B22C7}.Debug|x86.Build.0 = Debug|Any CPU
		{E854E586-0BCC-4358-8EE5-7115B75B22C7}.Release|Any CPU.ActiveCfg = Release|Any CPU
		{E854E586-0BCC-4358-8EE5-7115B75B22C7}.Release|Any CPU.Build.0 = Release|Any CPU
		{E854E586-0BCC-4358-8EE5-7115B75B22C7}.Release|x64.ActiveCfg = Release|Any CPU
		{E854E586-0BCC-4358-8EE5-7115B75B22C7}.Release|x64.Build.0 = Release|Any CPU
		{E854E586-0BCC-4358-8EE5-7115B75B22C7}.Release|x86.ActiveCfg = Release|Any CPU
		{E854E586-0BCC-4358-8EE5-7115B75B22C7}.Release|x86.Build.0 = Release|Any CPU
		{37A151B3-E553-49AE-BD87-FDEF7BC11E26}.Debug|Any CPU.ActiveCfg = Debug|Any CPU
		{37A151B3-E553-49AE-BD87-FDEF7BC11E26}.Debug|Any CPU.Build.0 = Debug|Any CPU
		{37A151B3-E553-49AE-BD87-FDEF7BC11E26}.Debug|x64.ActiveCfg = Debug|Any CPU
		{37A151B3-E553-49AE-BD87-FDEF7BC11E26}.Debug|x64.Build.0 = Debug|Any CPU
		{37A151B3-E553-49AE-BD87-FDEF7BC11E26}.Debug|x86.ActiveCfg = Debug|Any CPU
		{37A151B3-E553-49AE-BD87-FDEF7BC11E26}.Debug|x86.Build.0 = Debug|Any CPU
		{37A151B3-E553-49AE-BD87-FDEF7BC11E26}.Release|Any CPU.ActiveCfg = Release|Any CPU
		{37A151B3-E553-49AE-BD87-FDEF7BC11E26}.Release|Any CPU.Build.0 = Release|Any CPU
		{37A151B3-E553-49AE-BD87-FDEF7BC11E26}.Release|x64.ActiveCfg = Release|Any CPU
		{37A151B3-E553-49AE-BD87-FDEF7BC11E26}.Release|x64.Build.0 = Release|Any CPU
		{37A151B3-E553-49AE-BD87-FDEF7BC11E26}.Release|x86.ActiveCfg = Release|Any CPU
		{37A151B3-E553-49AE-BD87-FDEF7BC11E26}.Release|x86.Build.0 = Release|Any CPU
		{5734A7A8-742E-41B7-9373-1D4BCAD072BE}.Debug|Any CPU.ActiveCfg = Debug|Any CPU
		{5734A7A8-742E-41B7-9373-1D4BCAD072BE}.Debug|Any CPU.Build.0 = Debug|Any CPU
		{5734A7A8-742E-41B7-9373-1D4BCAD072BE}.Debug|x64.ActiveCfg = Debug|Any CPU
		{5734A7A8-742E-41B7-9373-1D4BCAD072BE}.Debug|x64.Build.0 = Debug|Any CPU
		{5734A7A8-742E-41B7-9373-1D4BCAD072BE}.Debug|x86.ActiveCfg = Debug|Any CPU
		{5734A7A8-742E-41B7-9373-1D4BCAD072BE}.Debug|x86.Build.0 = Debug|Any CPU
		{5734A7A8-742E-41B7-9373-1D4BCAD072BE}.Release|Any CPU.ActiveCfg = Release|Any CPU
		{5734A7A8-742E-41B7-9373-1D4BCAD072BE}.Release|Any CPU.Build.0 = Release|Any CPU
		{5734A7A8-742E-41B7-9373-1D4BCAD072BE}.Release|x64.ActiveCfg = Release|Any CPU
		{5734A7A8-742E-41B7-9373-1D4BCAD072BE}.Release|x64.Build.0 = Release|Any CPU
		{5734A7A8-742E-41B7-9373-1D4BCAD072BE}.Release|x86.ActiveCfg = Release|Any CPU
		{5734A7A8-742E-41B7-9373-1D4BCAD072BE}.Release|x86.Build.0 = Release|Any CPU
		{B42DA252-7EDD-46B6-9544-DE6A2EA5F539}.Debug|Any CPU.ActiveCfg = Debug|Any CPU
		{B42DA252-7EDD-46B6-9544-DE6A2EA5F539}.Debug|Any CPU.Build.0 = Debug|Any CPU
		{B42DA252-7EDD-46B6-9544-DE6A2EA5F539}.Debug|x64.ActiveCfg = Debug|Any CPU
		{B42DA252-7EDD-46B6-9544-DE6A2EA5F539}.Debug|x64.Build.0 = Debug|Any CPU
		{B42DA252-7EDD-46B6-9544-DE6A2EA5F539}.Debug|x86.ActiveCfg = Debug|Any CPU
		{B42DA252-7EDD-46B6-9544-DE6A2EA5F539}.Debug|x86.Build.0 = Debug|Any CPU
		{B42DA252-7EDD-46B6-9544-DE6A2EA5F539}.Release|Any CPU.ActiveCfg = Release|Any CPU
		{B42DA252-7EDD-46B6-9544-DE6A2EA5F539}.Release|Any CPU.Build.0 = Release|Any CPU
		{B42DA252-7EDD-46B6-9544-DE6A2EA5F539}.Release|x64.ActiveCfg = Release|Any CPU
		{B42DA252-7EDD-46B6-9544-DE6A2EA5F539}.Release|x64.Build.0 = Release|Any CPU
		{B42DA252-7EDD-46B6-9544-DE6A2EA5F539}.Release|x86.ActiveCfg = Release|Any CPU
		{B42DA252-7EDD-46B6-9544-DE6A2EA5F539}.Release|x86.Build.0 = Release|Any CPU
		{7C15461E-598A-4AC3-A979-DACA892F1F73}.Debug|Any CPU.ActiveCfg = Debug|Any CPU
		{7C15461E-598A-4AC3-A979-DACA892F1F73}.Debug|Any CPU.Build.0 = Debug|Any CPU
		{7C15461E-598A-4AC3-A979-DACA892F1F73}.Debug|x64.ActiveCfg = Debug|Any CPU
		{7C15461E-598A-4AC3-A979-DACA892F1F73}.Debug|x64.Build.0 = Debug|Any CPU
		{7C15461E-598A-4AC3-A979-DACA892F1F73}.Debug|x86.ActiveCfg = Debug|Any CPU
		{7C15461E-598A-4AC3-A979-DACA892F1F73}.Debug|x86.Build.0 = Debug|Any CPU
		{7C15461E-598A-4AC3-A979-DACA892F1F73}.Release|Any CPU.ActiveCfg = Release|Any CPU
		{7C15461E-598A-4AC3-A979-DACA892F1F73}.Release|Any CPU.Build.0 = Release|Any CPU
		{7C15461E-598A-4AC3-A979-DACA892F1F73}.Release|x64.ActiveCfg = Release|Any CPU
		{7C15461E-598A-4AC3-A979-DACA892F1F73}.Release|x64.Build.0 = Release|Any CPU
		{7C15461E-598A-4AC3-A979-DACA892F1F73}.Release|x86.ActiveCfg = Release|Any CPU
		{7C15461E-598A-4AC3-A979-DACA892F1F73}.Release|x86.Build.0 = Release|Any CPU
		{3B7A2970-C54C-4880-84C4-133B29822583}.Debug|Any CPU.ActiveCfg = Debug|Any CPU
		{3B7A2970-C54C-4880-84C4-133B29822583}.Debug|Any CPU.Build.0 = Debug|Any CPU
		{3B7A2970-C54C-4880-84C4-133B29822583}.Debug|x64.ActiveCfg = Debug|Any CPU
		{3B7A2970-C54C-4880-84C4-133B29822583}.Debug|x64.Build.0 = Debug|Any CPU
		{3B7A2970-C54C-4880-84C4-133B29822583}.Debug|x86.ActiveCfg = Debug|Any CPU
		{3B7A2970-C54C-4880-84C4-133B29822583}.Debug|x86.Build.0 = Debug|Any CPU
		{3B7A2970-C54C-4880-84C4-133B29822583}.Release|Any CPU.ActiveCfg = Release|Any CPU
		{3B7A2970-C54C-4880-84C4-133B29822583}.Release|Any CPU.Build.0 = Release|Any CPU
		{3B7A2970-C54C-4880-84C4-133B29822583}.Release|x64.ActiveCfg = Release|Any CPU
		{3B7A2970-C54C-4880-84C4-133B29822583}.Release|x64.Build.0 = Release|Any CPU
		{3B7A2970-C54C-4880-84C4-133B29822583}.Release|x86.ActiveCfg = Release|Any CPU
		{3B7A2970-C54C-4880-84C4-133B29822583}.Release|x86.Build.0 = Release|Any CPU
		{812EC5F0-EC0A-416A-9613-D8E8F4A11A52}.Debug|Any CPU.ActiveCfg = Debug|Any CPU
		{812EC5F0-EC0A-416A-9613-D8E8F4A11A52}.Debug|Any CPU.Build.0 = Debug|Any CPU
		{812EC5F0-EC0A-416A-9613-D8E8F4A11A52}.Debug|x64.ActiveCfg = Debug|Any CPU
		{812EC5F0-EC0A-416A-9613-D8E8F4A11A52}.Debug|x64.Build.0 = Debug|Any CPU
		{812EC5F0-EC0A-416A-9613-D8E8F4A11A52}.Debug|x86.ActiveCfg = Debug|Any CPU
		{812EC5F0-EC0A-416A-9613-D8E8F4A11A52}.Debug|x86.Build.0 = Debug|Any CPU
		{812EC5F0-EC0A-416A-9613-D8E8F4A11A52}.Release|Any CPU.ActiveCfg = Release|Any CPU
		{812EC5F0-EC0A-416A-9613-D8E8F4A11A52}.Release|Any CPU.Build.0 = Release|Any CPU
		{812EC5F0-EC0A-416A-9613-D8E8F4A11A52}.Release|x64.ActiveCfg = Release|Any CPU
		{812EC5F0-EC0A-416A-9613-D8E8F4A11A52}.Release|x64.Build.0 = Release|Any CPU
		{812EC5F0-EC0A-416A-9613-D8E8F4A11A52}.Release|x86.ActiveCfg = Release|Any CPU
		{812EC5F0-EC0A-416A-9613-D8E8F4A11A52}.Release|x86.Build.0 = Release|Any CPU
	EndGlobalSection
	GlobalSection(SolutionProperties) = preSolution
		HideSolutionNode = FALSE
	EndGlobalSection
	GlobalSection(NestedProjects) = preSolution
		{E854E586-0BCC-4358-8EE5-7115B75B22C7} = {827E0CD3-B72D-47B6-A68D-7590B98EB39B}
		{37A151B3-E553-49AE-BD87-FDEF7BC11E26} = {827E0CD3-B72D-47B6-A68D-7590B98EB39B}
		{5734A7A8-742E-41B7-9373-1D4BCAD072BE} = {827E0CD3-B72D-47B6-A68D-7590B98EB39B}
		{B42DA252-7EDD-46B6-9544-DE6A2EA5F539} = {827E0CD3-B72D-47B6-A68D-7590B98EB39B}
		{7C15461E-598A-4AC3-A979-DACA892F1F73} = {0AB3BF05-4346-4AA6-1389-037BE0695223}
		{3B7A2970-C54C-4880-84C4-133B29822583} = {0AB3BF05-4346-4AA6-1389-037BE0695223}
		{812EC5F0-EC0A-416A-9613-D8E8F4A11A52} = {30258541-D0D8-F3FD-D559-E63D6BF074C2}
	EndGlobalSection
EndGlobal
